PODS:
  - JRSwizzle (1.0)
  - MBProgressHUD (0.8)
  - MKNetworkKit (0.87):
    - Reachability (~> 3.1.0)
  - NUI (0.5.4):
    - NUIParse
  - NUIParse (1.2.1)
  - Reachability (3.1.1)
  - REFormattedNumberField (1.1.5)
  - RETableViewManager (1.5.11):
    - REFormattedNumberField (~> 1.1.2)
    - REValidation (~> 0.1.4)
  - REValidation (0.1.4)

DEPENDENCIES:
  - JRSwizzle (~> 1.0)
  - MBProgressHUD (~> 0.8)
  - MKNetworkKit (~> 0.87)
  - NUI (~> 0.5.4)
  - RETableViewManager (~> 1.5.11)
  - REValidation (~> 0.1.4)

SPEC REPOS:
  https://github.com/cocoapods/specs.git:
    - JRSwizzle
    - MBProgressHUD
    - MKNetworkKit
    - NUI
    - NUIParse
    - Reachability
    - REFormattedNumberField
    - RETableViewManager
    - REValidation

SPEC CHECKSUMS:
  JRSwizzle: dd5ead5d913a0f29e7f558200165849f006bb1e3
  MBProgressHUD: 8688c331cb64702283be37ab8d7d329cdd25f251
  MKNetworkKit: 60ad3c83b62183e40ba75ce772c9427c25b520de
  NUI: df261a2573a89ade3b08b4461ed688e809e11d8b
  NUIParse: 9b6d5a6b782dc654ac6c846d623885080306f07f
  Reachability: dd9aa4fb6667b9f787690a74f53cb7634ce99893
  REFormattedNumberField: be3d55dd709f65541fb26b7e1709da07903147f8
  RETableViewManager: e109ae2e5cddf3f49478088766f655fafc0291fb
  REValidation: 38c4de1be58455f8b00aab208ac80db316a66b7f

PODFILE CHECKSUM: aa76043af4dfb74b14f35ee40fe2ca0afb7ac608

COCOAPODS: 1.5.3
